
Microsoft Visual Studio Solution File, Format Version 12.00
# Visual Studio Version 17
VisualStudioVersion = 17.9.34607.119
MinimumVisualStudioVersion = 10.0.40219.1
Project("{2150E333-8FDC-42A3-9474-1A3956D46DE8}") = "Solution Items", "Solution Items", "{C20FE07E-B746-4901-A2CE-76E68BD8F68F}"
	ProjectSection(SolutionItems) = preProject
		README.md = README.md
	EndProjectSection
EndProject
Project("{9A19103F-16F7-4668-BE54-9A1E7A4F7556}") = "Ktt.ScopeTest.Api", "src\Ktt.ScopeTest.Api\Ktt.ScopeTest.Api.csproj", "{A2BD2FC2-1386-4212-8986-881E87FB556A}"
EndProject
Project("{FAE04EC0-301F-11D3-BF4B-00C04F79EFBC}") = "Ktt.ScopeTest.Business", "src\Ktt.ScopeTest.Business\Ktt.ScopeTest.Business.csproj", "{1EAA8E58-065A-4B89-A884-BA182965CB87}"
EndProject
Global
	GlobalSection(SolutionConfigurationPlatforms) = preSolution
		Debug|Any CPU = Debug|Any CPU
		Release|Any CPU = Release|Any CPU
	EndGlobalSection
	GlobalSection(ProjectConfigurationPlatforms) = postSolution
		{A2BD2FC2-1386-4212-8986-881E87FB556A}.Debug|Any CPU.ActiveCfg = Debug|Any CPU
		{A2BD2FC2-1386-4212-8986-881E87FB556A}.Debug|Any CPU.Build.0 = Debug|Any CPU
		{A2BD2FC2-1386-4212-8986-881E87FB556A}.Release|Any CPU.ActiveCfg = Release|Any CPU
		{A2BD2FC2-1386-4212-8986-881E87FB556A}.Release|Any CPU.Build.0 = Release|Any CPU
		{1EAA8E58-065A-4B89-A884-BA182965CB87}.Debug|Any CPU.ActiveCfg = Debug|Any CPU
		{1EAA8E58-065A-4B89-A884-BA182965CB87}.Debug|Any CPU.Build.0 = Debug|Any CPU
		{1EAA8E58-065A-4B89-A884-BA182965CB87}.Release|Any CPU.ActiveCfg = Release|Any CPU
		{1EAA8E58-065A-4B89-A884-BA182965CB87}.Release|Any CPU.Build.0 = Release|Any CPU
	EndGlobalSection
	GlobalSection(SolutionProperties) = preSolution
		HideSolutionNode = FALSE
	EndGlobalSection
	GlobalSection(ExtensibilityGlobals) = postSolution
		SolutionGuid = {5F5F9854-7D24-45B0-96D2-F3A00EA5767B}
	EndGlobalSection
EndGlobal
